
Microsoft Visual Studio Solution File, Format Version 12.00
Project("{2150E333-8FDC-42A3-9474-1A3956D46DE8}") = "Core", "Core", "{28558559-1E42-4A0A-A39A-DD9C807A9ACF}"
EndProject
Project("{2150E333-8FDC-42A3-9474-1A3956D46DE8}") = "Infrastructure", "Infrastructure", "{F954BEE8-6298-478E-8AB5-55804E0563BD}"
EndProject
Project("{2150E333-8FDC-42A3-9474-1A3956D46DE8}") = "Presentation", "Presentation", "{46FE97A2-42AD-45BD-A346-9616AF46E2B3}"
EndProject
Project("{FAE04EC0-301F-11D3-BF4B-00C04F79EFBC}") = "Diary.Api", "Diary.Api\Diary.Api.csproj", "{C21685A8-B7C8-498C-B6A3-BB7542B0A19E}"
EndProject
Project("{FAE04EC0-301F-11D3-BF4B-00C04F79EFBC}") = "Diary.Domain", "Diary.Domain\Diary.Domain.csproj", "{B2D0D81A-238D-4FF9-8538-FB8CF8DD89EC}"
EndProject
Project("{FAE04EC0-301F-11D3-BF4B-00C04F79EFBC}") = "Diary.DAL", "Diary.DAL\Diary.DAL.csproj", "{89CCA6BE-6703-4701-95B6-DA6D44A51D83}"
EndProject
Project("{FAE04EC0-301F-11D3-BF4B-00C04F79EFBC}") = "Diary.Application", "Diary.Application\Diary.Application.csproj", "{ADFEE505-B707-469D-A145-89750EA92FF3}"
EndProject
Project("{FAE04EC0-301F-11D3-BF4B-00C04F79EFBC}") = "Diary.Producer", "Diary.Producer\Diary.Producer.csproj", "{6961AA54-E38E-44CD-BBB7-367743D9C0DD}"
EndProject
Project("{FAE04EC0-301F-11D3-BF4B-00C04F79EFBC}") = "Diary.Consumer", "Diary.Consumer\Diary.Consumer.csproj", "{21DB087A-E285-4EC4-89BF-4EF09D7B5C69}"
EndProject
Project("{2150E333-8FDC-42A3-9474-1A3956D46DE8}") = "Solution Items", "Solution Items", "{98466C55-F234-438D-8B08-FDD6C9BA3860}"
	ProjectSection(SolutionItems) = preProject
		docker-compose.yml = docker-compose.yml
		prometheus.yml = prometheus.yml
		logstash.conf = logstash.conf
		sincedb\sincedb.txt = sincedb\sincedb.txt
		sincedb\sincedb file will appear in this folder.txt = sincedb\sincedb file will appear in this folder.txt
	EndProjectSection
EndProject
Project("{2150E333-8FDC-42A3-9474-1A3956D46DE8}") = "Test", "Test", "{D43E0E33-AB10-46E0-8888-9FDE562B4ACA}"
EndProject
Project("{FAE04EC0-301F-11D3-BF4B-00C04F79EFBC}") = "Diary.Tests", "Diary.Tests\Diary.Tests.csproj", "{C9429D2F-D11B-4380-894C-CF35A740871D}"
EndProject
Global
	GlobalSection(SolutionConfigurationPlatforms) = preSolution
		Debug|Any CPU = Debug|Any CPU
		Release|Any CPU = Release|Any CPU
	EndGlobalSection
	GlobalSection(NestedProjects) = preSolution
		{C21685A8-B7C8-498C-B6A3-BB7542B0A19E} = {46FE97A2-42AD-45BD-A346-9616AF46E2B3}
		{B2D0D81A-238D-4FF9-8538-FB8CF8DD89EC} = {28558559-1E42-4A0A-A39A-DD9C807A9ACF}
		{89CCA6BE-6703-4701-95B6-DA6D44A51D83} = {F954BEE8-6298-478E-8AB5-55804E0563BD}
		{ADFEE505-B707-469D-A145-89750EA92FF3} = {28558559-1E42-4A0A-A39A-DD9C807A9ACF}
		{6961AA54-E38E-44CD-BBB7-367743D9C0DD} = {F954BEE8-6298-478E-8AB5-55804E0563BD}
		{21DB087A-E285-4EC4-89BF-4EF09D7B5C69} = {F954BEE8-6298-478E-8AB5-55804E0563BD}
		{C9429D2F-D11B-4380-894C-CF35A740871D} = {D43E0E33-AB10-46E0-8888-9FDE562B4ACA}
	EndGlobalSection
	GlobalSection(ProjectConfigurationPlatforms) = postSolution
		{C21685A8-B7C8-498C-B6A3-BB7542B0A19E}.Debug|Any CPU.ActiveCfg = Debug|Any CPU
		{C21685A8-B7C8-498C-B6A3-BB7542B0A19E}.Debug|Any CPU.Build.0 = Debug|Any CPU
		{C21685A8-B7C8-498C-B6A3-BB7542B0A19E}.Release|Any CPU.ActiveCfg = Release|Any CPU
		{C21685A8-B7C8-498C-B6A3-BB7542B0A19E}.Release|Any CPU.Build.0 = Release|Any CPU
		{B2D0D81A-238D-4FF9-8538-FB8CF8DD89EC}.Debug|Any CPU.ActiveCfg = Debug|Any CPU
		{B2D0D81A-238D-4FF9-8538-FB8CF8DD89EC}.Debug|Any CPU.Build.0 = Debug|Any CPU
		{B2D0D81A-238D-4FF9-8538-FB8CF8DD89EC}.Release|Any CPU.ActiveCfg = Release|Any CPU
		{B2D0D81A-238D-4FF9-8538-FB8CF8DD89EC}.Release|Any CPU.Build.0 = Release|Any CPU
		{89CCA6BE-6703-4701-95B6-DA6D44A51D83}.Debug|Any CPU.ActiveCfg = Debug|Any CPU
		{89CCA6BE-6703-4701-95B6-DA6D44A51D83}.Debug|Any CPU.Build.0 = Debug|Any CPU
		{89CCA6BE-6703-4701-95B6-DA6D44A51D83}.Release|Any CPU.ActiveCfg = Release|Any CPU
		{89CCA6BE-6703-4701-95B6-DA6D44A51D83}.Release|Any CPU.Build.0 = Release|Any CPU
		{ADFEE505-B707-469D-A145-89750EA92FF3}.Debug|Any CPU.ActiveCfg = Debug|Any CPU
		{ADFEE505-B707-469D-A145-89750EA92FF3}.Debug|Any CPU.Build.0 = Debug|Any CPU
		{ADFEE505-B707-469D-A145-89750EA92FF3}.Release|Any CPU.ActiveCfg = Release|Any CPU
		{ADFEE505-B707-469D-A145-89750EA92FF3}.Release|Any CPU.Build.0 = Release|Any CPU
		{6961AA54-E38E-44CD-BBB7-367743D9C0DD}.Debug|Any CPU.ActiveCfg = Debug|Any CPU
		{6961AA54-E38E-44CD-BBB7-367743D9C0DD}.Debug|Any CPU.Build.0 = Debug|Any CPU
		{6961AA54-E38E-44CD-BBB7-367743D9C0DD}.Release|Any CPU.ActiveCfg = Release|Any CPU
		{6961AA54-E38E-44CD-BBB7-367743D9C0DD}.Release|Any CPU.Build.0 = Release|Any CPU
		{21DB087A-E285-4EC4-89BF-4EF09D7B5C69}.Debug|Any CPU.ActiveCfg = Debug|Any CPU
		{21DB087A-E285-4EC4-89BF-4EF09D7B5C69}.Debug|Any CPU.Build.0 = Debug|Any CPU
		{21DB087A-E285-4EC4-89BF-4EF09D7B5C69}.Release|Any CPU.ActiveCfg = Release|Any CPU
		{21DB087A-E285-4EC4-89BF-4EF09D7B5C69}.Release|Any CPU.Build.0 = Release|Any CPU
		{C9429D2F-D11B-4380-894C-CF35A740871D}.Debug|Any CPU.ActiveCfg = Debug|Any CPU
		{C9429D2F-D11B-4380-894C-CF35A740871D}.Debug|Any CPU.Build.0 = Debug|Any CPU
		{C9429D2F-D11B-4380-894C-CF35A740871D}.Release|Any CPU.ActiveCfg = Release|Any CPU
		{C9429D2F-D11B-4380-894C-CF35A740871D}.Release|Any CPU.Build.0 = Release|Any CPU
	EndGlobalSection
EndGlobal
